// !$*UTF8*$!
{
	archiveVersion = 1;
	classes = {
	};
	objectVersion = 46;
	objects = {

/* Begin PBXBuildFile section */
		F4D85FEB1BE614DA00433E30 /* main.m in Sources */ = {isa = PBXBuildFile; fileRef = F4D85FEA1BE614DA00433E30 /* main.m */; };
		F4D85FEE1BE614DA00433E30 /* AppDelegate.m in Sources */ = {isa = PBXBuildFile; fileRef = F4D85FED1BE614DA00433E30 /* AppDelegate.m */; };
		F4D85FF11BE614DA00433E30 /* ViewController.m in Sources */ = {isa = PBXBuildFile; fileRef = F4D85FF01BE614DA00433E30 /* ViewController.m */; };
		F4D85FF41BE614DA00433E30 /* Main.storyboard in Resources */ = {isa = PBXBuildFile; fileRef = F4D85FF21BE614DA00433E30 /* Main.storyboard */; };
		F4D85FF61BE614DA00433E30 /* Assets.xcassets in Resources */ = {isa = PBXBuildFile; fileRef = F4D85FF51BE614DA00433E30 /* Assets.xcassets */; };
		F4D85FF91BE614DA00433E30 /* LaunchScreen.storyboard in Resources */ = {isa = PBXBuildFile; fileRef = F4D85FF71BE614DA00433E30 /* LaunchScreen.storyboard */; };
		F4D860041BE614DA00433E30 /* BlocksKit_iOSTests.m in Sources */ = {isa = PBXBuildFile; fileRef = F4D860031BE614DA00433E30 /* BlocksKit_iOSTests.m */; };
		F4D8600F1BE614DA00433E30 /* BlocksKit_iOSUITests.m in Sources */ = {isa = PBXBuildFile; fileRef = F4D8600E1BE614DA00433E30 /* BlocksKit_iOSUITests.m */; };
		F4D8601F1BE615CE00433E30 /* PEARBlocksKit.m in Sources */ = {isa = PBXBuildFile; fileRef = F4D8601E1BE615CE00433E30 /* PEARBlocksKit.m */; };
		F4D860221BE6281A00433E30 /* SampleClass.m in Sources */ = {isa = PBXBuildFile; fileRef = F4D860211BE6281A00433E30 /* SampleClass.m */; };
/* End PBXBuildFile section */

/* Begin PBXContainerItemProxy section */
		F4D860001BE614DA00433E30 /* PBXContainerItemProxy */ = {
			isa = PBXContainerItemProxy;
			containerPortal = F4D85FDE1BE614DA00433E30 /* Project object */;
			proxyType = 1;
			remoteGlobalIDString = F4D85FE51BE614DA00433E30;
			remoteInfo = "BlocksKit-iOS";
		};
		F4D8600B1BE614DA00433E30 /* PBXContainerItemProxy */ = {
			isa = PBXContainerItemProxy;
			containerPortal = F4D85FDE1BE614DA00433E30 /* Project object */;
			proxyType = 1;
			remoteGlobalIDString = F4D85FE51BE614DA00433E30;
			remoteInfo = "BlocksKit-iOS";
		};
/* End PBXContainerItemProxy section */

/* Begin PBXFileReference section */
		F4D85FE61BE614DA00433E30 /* BlocksKit-iOS.app */ = {isa = PBXFileReference; explicitFileType = wrapper.application; includeInIndex = 0; path = "BlocksKit-iOS.app"; sourceTree = BUILT_PRODUCTS_DIR; };
		F4D85FEA1BE614DA00433E30 /* main.m */ = {isa = PBXFileReference; lastKnownFileType = sourcecode.c.objc; path = main.m; sourceTree = "<group>"; };
		F4D85FEC1BE614DA00433E30 /* AppDelegate.h */ = {isa = PBXFileReference; lastKnownFileType = sourcecode.c.h; path = AppDelegate.h; sourceTree = "<group>"; };
		F4D85FED1BE614DA00433E30 /* AppDelegate.m */ = {isa = PBXFileReference; lastKnownFileType = sourcecode.c.objc; path = AppDelegate.m; sourceTree = "<group>"; };
		F4D85FEF1BE614DA00433E30 /* ViewController.h */ = {isa = PBXFileReference; lastKnownFileType = sourcecode.c.h; path = ViewController.h; sourceTree = "<group>"; };
		F4D85FF01BE614DA00433E30 /* ViewController.m */ = {isa = PBXFileReference; lastKnownFileType = sourcecode.c.objc; path = ViewController.m; sourceTree = "<group>"; };
		F4D85FF31BE614DA00433E30 /* Base */ = {isa = PBXFileReference; lastKnownFileType = file.storyboard; name = Base; path = Base.lproj/Main.storyboard; sourceTree = "<group>"; };
		F4D85FF51BE614DA00433E30 /* Assets.xcassets */ = {isa = PBXFileReference; lastKnownFileType = folder.assetcatalog; path = Assets.xcassets; sourceTree = "<group>"; };
		F4D85FF81BE614DA00433E30 /* Base */ = {isa = PBXFileReference; lastKnownFileType = file.storyboard; name = Base; path = Base.lproj/LaunchScreen.storyboard; sourceTree = "<group>"; };
		F4D85FFA1BE614DA00433E30 /* Info.plist */ = {isa = PBXFileReference; lastKnownFileType = text.plist.xml; path = Info.plist; sourceTree = "<group>"; };
		F4D85FFF1BE614DA00433E30 /* BlocksKit-iOSTests.xctest */ = {isa = PBXFileReference; explicitFileType = wrapper.cfbundle; includeInIndex = 0; path = "BlocksKit-iOSTests.xctest"; sourceTree = BUILT_PRODUCTS_DIR; };
		F4D860031BE614DA00433E30 /* BlocksKit_iOSTests.m */ = {isa = PBXFileReference; lastKnownFileType = sourcecode.c.objc; path = BlocksKit_iOSTests.m; sourceTree = "<group>"; };
		F4D860051BE614DA00433E30 /* Info.plist */ = {isa = PBXFileReference; lastKnownFileType = text.plist.xml; path = Info.plist; sourceTree = "<group>"; };
		F4D8600A1BE614DA00433E30 /* BlocksKit-iOSUITests.xctest */ = {isa = PBXFileReference; explicitFileType = wrapper.cfbundle; includeInIndex = 0; path = "BlocksKit-iOSUITests.xctest"; sourceTree = BUILT_PRODUCTS_DIR; };
		F4D8600E1BE614DA00433E30 /* BlocksKit_iOSUITests.m */ = {isa = PBXFileReference; lastKnownFileType = sourcecode.c.objc; path = BlocksKit_iOSUITests.m; sourceTree = "<group>"; };
		F4D860101BE614DA00433E30 /* Info.plist */ = {isa = PBXFileReference; lastKnownFileType = text.plist.xml; path = Info.plist; sourceTree = "<group>"; };
		F4D8601D1BE615CE00433E30 /* PEARBlocksKit.h */ = {isa = PBXFileReference; fileEncoding = 4; lastKnownFileType = sourcecode.c.h; path = PEARBlocksKit.h; sourceTree = "<group>"; };
		F4D8601E1BE615CE00433E30 /* PEARBlocksKit.m */ = {isa = PBXFileReference; fileEncoding = 4; lastKnownFileType = sourcecode.c.objc; path = PEARBlocksKit.m; sourceTree = "<group>"; };
		F4D860201BE6281A00433E30 /* SampleClass.h */ = {isa = PBXFileReference; fileEncoding = 4; lastKnownFileType = sourcecode.c.h; path = SampleClass.h; sourceTree = "<group>"; };
		F4D860211BE6281A00433E30 /* SampleClass.m */ = {isa = PBXFileReference; fileEncoding = 4; lastKnownFileType = sourcecode.c.objc; path = SampleClass.m; sourceTree = "<group>"; };
/* End PBXFileReference section */

/* Begin PBXFrameworksBuildPhase section */
		F4D85FE31BE614DA00433E30 /* Frameworks */ = {
			isa = PBXFrameworksBuildPhase;
			buildActionMask = 2147483647;
			files = (
			);
			runOnlyForDeploymentPostprocessing = 0;
		};
		F4D85FFC1BE614DA00433E30 /* Frameworks */ = {
			isa = PBXFrameworksBuildPhase;
			buildActionMask = 2147483647;
			files = (
			);
			runOnlyForDeploymentPostprocessing = 0;
		};
		F4D860071BE614DA00433E30 /* Frameworks */ = {
			isa = PBXFrameworksBuildPhase;
			buildActionMask = 2147483647;
			files = (
			);
			runOnlyForDeploymentPostprocessing = 0;
		};
/* End PBXFrameworksBuildPhase section */

/* Begin PBXGroup section */
		F4D85FDD1BE614DA00433E30 = {
			isa = PBXGroup;
			children = (
				F4D8601C1BE615A200433E30 /* PEAR-BlocksKit-iOS */,
				F4D85FE81BE614DA00433E30 /* BlocksKit-iOS */,
				F4D860021BE614DA00433E30 /* BlocksKit-iOSTests */,
				F4D8600D1BE614DA00433E30 /* BlocksKit-iOSUITests */,
				F4D85FE71BE614DA00433E30 /* Products */,
			);
			sourceTree = "<group>";
		};
		F4D85FE71BE614DA00433E30 /* Products */ = {
			isa = PBXGroup;
			children = (
				F4D85FE61BE614DA00433E30 /* BlocksKit-iOS.app */,
				F4D85FFF1BE614DA00433E30 /* BlocksKit-iOSTests.xctest */,
				F4D8600A1BE614DA00433E30 /* BlocksKit-iOSUITests.xctest */,
			);
			name = Products;
			sourceTree = "<group>";
		};
		F4D85FE81BE614DA00433E30 /* BlocksKit-iOS */ = {
			isa = PBXGroup;
			children = (
				F4D85FEC1BE614DA00433E30 /* AppDelegate.h */,
				F4D85FED1BE614DA00433E30 /* AppDelegate.m */,
				F4D85FEF1BE614DA00433E30 /* ViewController.h */,
				F4D85FF01BE614DA00433E30 /* ViewController.m */,
				F4D860201BE6281A00433E30 /* SampleClass.h */,
				F4D860211BE6281A00433E30 /* SampleClass.m */,
				F4D85FF21BE614DA00433E30 /* Main.storyboard */,
				F4D85FF51BE614DA00433E30 /* Assets.xcassets */,
				F4D85FF71BE614DA00433E30 /* LaunchScreen.storyboard */,
				F4D85FFA1BE614DA00433E30 /* Info.plist */,
				F4D85FE91BE614DA00433E30 /* Supporting Files */,
			);
			path = "BlocksKit-iOS";
			sourceTree = "<group>";
		};
		F4D85FE91BE614DA00433E30 /* Supporting Files */ = {
			isa = PBXGroup;
			children = (
				F4D85FEA1BE614DA00433E30 /* main.m */,
			);
			name = "Supporting Files";
			sourceTree = "<group>";
		};
		F4D860021BE614DA00433E30 /* BlocksKit-iOSTests */ = {
			isa = PBXGroup;
			children = (
				F4D860031BE614DA00433E30 /* BlocksKit_iOSTests.m */,
				F4D860051BE614DA00433E30 /* Info.plist */,
			);
			path = "BlocksKit-iOSTests";
			sourceTree = "<group>";
		};
		F4D8600D1BE614DA00433E30 /* BlocksKit-iOSUITests */ = {
			isa = PBXGroup;
			children = (
				F4D8600E1BE614DA00433E30 /* BlocksKit_iOSUITests.m */,
				F4D860101BE614DA00433E30 /* Info.plist */,
			);
			path = "BlocksKit-iOSUITests";
			sourceTree = "<group>";
		};
		F4D8601C1BE615A200433E30 /* PEAR-BlocksKit-iOS */ = {
			isa = PBXGroup;
			children = (
				F4D8601D1BE615CE00433E30 /* PEARBlocksKit.h */,
				F4D8601E1BE615CE00433E30 /* PEARBlocksKit.m */,
			);
			path = "PEAR-BlocksKit-iOS";
			sourceTree = "<group>";
		};
/* End PBXGroup section */

/* Begin PBXNativeTarget section */
		F4D85FE51BE614DA00433E30 /* BlocksKit-iOS */ = {
			isa = PBXNativeTarget;
			buildConfigurationList = F4D860131BE614DA00433E30 /* Build configuration list for PBXNativeTarget "BlocksKit-iOS" */;
			buildPhases = (
				F4D85FE21BE614DA00433E30 /* Sources */,
				F4D85FE31BE614DA00433E30 /* Frameworks */,
				F4D85FE41BE614DA00433E30 /* Resources */,
			);
			buildRules = (
			);
			dependencies = (
			);
			name = "BlocksKit-iOS";
			productName = "BlocksKit-iOS";
			productReference = F4D85FE61BE614DA00433E30 /* BlocksKit-iOS.app */;
			productType = "com.apple.product-type.application";
		};
		F4D85FFE1BE614DA00433E30 /* BlocksKit-iOSTests */ = {
			isa = PBXNativeTarget;
			buildConfigurationList = F4D860161BE614DA00433E30 /* Build configuration list for PBXNativeTarget "BlocksKit-iOSTests" */;
			buildPhases = (
				F4D85FFB1BE614DA00433E30 /* Sources */,
				F4D85FFC1BE614DA00433E30 /* Frameworks */,
				F4D85FFD1BE614DA00433E30 /* Resources */,
			);
			buildRules = (
			);
			dependencies = (
				F4D860011BE614DA00433E30 /* PBXTargetDependency */,
			);
			name = "BlocksKit-iOSTests";
			productName = "BlocksKit-iOSTests";
			productReference = F4D85FFF1BE614DA00433E30 /* BlocksKit-iOSTests.xctest */;
			productType = "com.apple.product-type.bundle.unit-test";
		};
		F4D860091BE614DA00433E30 /* BlocksKit-iOSUITests */ = {
			isa = PBXNativeTarget;
			buildConfigurationList = F4D860191BE614DA00433E30 /* Build configuration list for PBXNativeTarget "BlocksKit-iOSUITests" */;
			buildPhases = (
				F4D860061BE614DA00433E30 /* Sources */,
				F4D860071BE614DA00433E30 /* Frameworks */,
				F4D860081BE614DA00433E30 /* Resources */,
			);
			buildRules = (
			);
			dependencies = (
				F4D8600C1BE614DA00433E30 /* PBXTargetDependency */,
			);
			name = "BlocksKit-iOSUITests";
			productName = "BlocksKit-iOSUITests";
			productReference = F4D8600A1BE614DA00433E30 /* BlocksKit-iOSUITests.xctest */;
			productType = "com.apple.product-type.bundle.ui-testing";
		};
/* End PBXNativeTarget section */

/* Begin PBXProject section */
		F4D85FDE1BE614DA00433E30 /* Project object */ = {
			isa = PBXProject;
			attributes = {
				LastUpgradeCheck = 0710;
				ORGANIZATIONNAME = hirokiumatani;
				TargetAttributes = {
					F4D85FE51BE614DA00433E30 = {
						CreatedOnToolsVersion = 7.1;
						DevelopmentTeam = XE4E546GZY;
					};
					F4D85FFE1BE614DA00433E30 = {
						CreatedOnToolsVersion = 7.1;
						DevelopmentTeam = XE4E546GZY;
						TestTargetID = F4D85FE51BE614DA00433E30;
					};
					F4D860091BE614DA00433E30 = {
						CreatedOnToolsVersion = 7.1;
						DevelopmentTeam = XE4E546GZY;
						TestTargetID = F4D85FE51BE614DA00433E30;
					};
				};
			};
			buildConfigurationList = F4D85FE11BE614DA00433E30 /* Build configuration list for PBXProject "BlocksKit-iOS" */;
			compatibilityVersion = "Xcode 3.2";
			developmentRegion = English;
			hasScannedForEncodings = 0;
			knownRegions = (
				en,
				Base,
			);
			mainGroup = F4D85FDD1BE614DA00433E30;
			productRefGroup = F4D85FE71BE614DA00433E30 /* Products */;
			projectDirPath = "";
			projectRoot = "";
			targets = (
				F4D85FE51BE614DA00433E30 /* BlocksKit-iOS */,
				F4D85FFE1BE614DA00433E30 /* BlocksKit-iOSTests */,
				F4D860091BE614DA00433E30 /* BlocksKit-iOSUITests */,
			);
		};
/* End PBXProject section */

/* Begin PBXResourcesBuildPhase section */
		F4D85FE41BE614DA00433E30 /* Resources */ = {
			isa = PBXResourcesBuildPhase;
			buildActionMask = 2147483647;
			files = (
				F4D85FF91BE614DA00433E30 /* LaunchScreen.storyboard in Resources */,
				F4D85FF61BE614DA00433E30 /* Assets.xcassets in Resources */,
				F4D85FF41BE614DA00433E30 /* Main.storyboard in Resources */,
			);
			runOnlyForDeploymentPostprocessing = 0;
		};
		F4D85FFD1BE614DA00433E30 /* Resources */ = {
			isa = PBXResourcesBuildPhase;
			buildActionMask = 2147483647;
			files = (
			);
			runOnlyForDeploymentPostprocessing = 0;
		};
		F4D860081BE614DA00433E30 /* Resources */ = {
			isa = PBXResourcesBuildPhase;
			buildActionMask = 2147483647;
			files = (
			);
			runOnlyForDeploymentPostprocessing = 0;
		};
/* End PBXResourcesBuildPhase section */

/* Begin PBXSourcesBuildPhase section */
		F4D85FE21BE614DA00433E30 /* Sources */ = {
			isa = PBXSourcesBuildPhase;
			buildActionMask = 2147483647;
			files = (
				F4D8601F1BE615CE00433E30 /* PEARBlocksKit.m in Sources */,
				F4D860221BE6281A00433E30 /* SampleClass.m in Sources */,
				F4D85FF11BE614DA00433E30 /* ViewController.m in Sources */,
				F4D85FEE1BE614DA00433E30 /* AppDelegate.m in Sources */,
				F4D85FEB1BE614DA00433E30 /* main.m in Sources */,
			);
			runOnlyForDeploymentPostprocessing = 0;
		};
		F4D85FFB1BE614DA00433E30 /* Sources */ = {
			isa = PBXSourcesBuildPhase;
			buildActionMask = 2147483647;
			files = (
				F4D860041BE614DA00433E30 /* BlocksKit_iOSTests.m in Sources */,
			);
			runOnlyForDeploymentPostprocessing = 0;
		};
		F4D860061BE614DA00433E30 /* Sources */ = {
			isa = PBXSourcesBuildPhase;
			buildActionMask = 2147483647;
			files = (
				F4D8600F1BE614DA00433E30 /* BlocksKit_iOSUITests.m in Sources */,
			);
			runOnlyForDeploymentPostprocessing = 0;
		};
/* End PBXSourcesBuildPhase section */

/* Begin PBXTargetDependency section */
		F4D860011BE614DA00433E30 /* PBXTargetDependency */ = {
			isa = PBXTargetDependency;
			target = F4D85FE51BE614DA00433E30 /* BlocksKit-iOS */;
			targetProxy = F4D860001BE614DA00433E30 /* PBXContainerItemProxy */;
		};
		F4D8600C1BE614DA00433E30 /* PBXTargetDependency */ = {
			isa = PBXTargetDependency;
			target = F4D85FE51BE614DA00433E30 /* BlocksKit-iOS */;
			targetProxy = F4D8600B1BE614DA00433E30 /* PBXContainerItemProxy */;
		};
/* End PBXTargetDependency section */

/* Begin PBXVariantGroup section */
		F4D85FF21BE614DA00433E30 /* Main.storyboard */ = {
			isa = PBXVariantGroup;
			children = (
				F4D85FF31BE614DA00433E30 /* Base */,
			);
			name = Main.storyboard;
			sourceTree = "<group>";
		};
		F4D85FF71BE614DA00433E30 /* LaunchScreen.storyboard */ = {
			isa = PBXVariantGroup;
			children = (
				F4D85FF81BE614DA00433E30 /* Base */,
			);
			name = LaunchScreen.storyboard;
			sourceTree = "<group>";
		};
/* End PBXVariantGroup section */

/* Begin XCBuildConfiguration section */
		F4D860111BE614DA00433E30 /* Debug */ = {
			isa = XCBuildConfiguration;
			buildSettings = {
				ALWAYS_SEARCH_USER_PATHS = NO;
				CLANG_CXX_LANGUAGE_STANDARD = "gnu++0x";
				CLANG_CXX_LIBRARY = "libc++";
				CLANG_ENABLE_MODULES = YES;
				CLANG_ENABLE_OBJC_ARC = YES;
				CLANG_WARN_BOOL_CONVERSION = YES;
				CLANG_WARN_CONSTANT_CONVERSION = YES;
				CLANG_WARN_DIRECT_OBJC_ISA_USAGE = YES_ERROR;
				CLANG_WARN_EMPTY_BODY = YES;
				CLANG_WARN_ENUM_CONVERSION = YES;
				CLANG_WARN_INT_CONVERSION = YES;
				CLANG_WARN_OBJC_ROOT_CLASS = YES_ERROR;
				CLANG_WARN_UNREACHABLE_CODE = YES;
				CLANG_WARN__DUPLICATE_METHOD_MATCH = YES;
				"CODE_SIGN_IDENTITY[sdk=iphoneos*]" = "iPhone Developer";
				COPY_PHASE_STRIP = NO;
				DEBUG_INFORMATION_FORMAT = dwarf;
				ENABLE_STRICT_OBJC_MSGSEND = YES;
				ENABLE_TESTABILITY = YES;
				GCC_C_LANGUAGE_STANDARD = gnu99;
				GCC_DYNAMIC_NO_PIC = NO;
				GCC_NO_COMMON_BLOCKS = YES;
				GCC_OPTIMIZATION_LEVEL = 0;
				GCC_PREPROCESSOR_DEFINITIONS = (
					"DEBUG=1",
					"$(inherited)",
				);
				GCC_WARN_64_TO_32_BIT_CONVERSION = YES;
				GCC_WARN_ABOUT_RETURN_TYPE = YES_ERROR;
				GCC_WARN_UNDECLARED_SELECTOR = YES;
				GCC_WARN_UNINITIALIZED_AUTOS = YES_AGGRESSIVE;
				GCC_WARN_UNUSED_FUNCTION = YES;
				GCC_WARN_UNUSED_VARIABLE = YES;
				IPHONEOS_DEPLOYMENT_TARGET = 9.1;
				MTL_ENABLE_DEBUG_INFO = YES;
				ONLY_ACTIVE_ARCH = YES;
				SDKROOT = iphoneos;
				TARGETED_DEVICE_FAMILY = "1,2";
			};
			name = Debug;
		};
		F4D860121BE614DA00433E30 /* Release */ = {
			isa = XCBuildConfiguration;
			buildSettings = {
				ALWAYS_SEARCH_USER_PATHS = NO;
				CLANG_CXX_LANGUAGE_STANDARD = "gnu++0x";
				CLANG_CXX_LIBRARY = "libc++";
				CLANG_ENABLE_MODULES = YES;
				CLANG_ENABLE_OBJC_ARC = YES;
				CLANG_WARN_BOOL_CONVERSION = YES;
				CLANG_WARN_CONSTANT_CONVERSION = YES;
				CLANG_WARN_DIRECT_OBJC_ISA_USAGE = YES_ERROR;
				CLANG_WARN_EMPTY_BODY = YES;
				CLANG_WARN_ENUM_CONVERSION = YES;
				CLANG_WARN_INT_CONVERSION = YES;
				CLANG_WARN_OBJC_ROOT_CLASS = YES_ERROR;
				CLANG_WARN_UNREACHABLE_CODE = YES;
				CLANG_WARN__DUPLICATE_METHOD_MATCH = YES;
				"CODE_SIGN_IDENTITY[sdk=iphoneos*]" = "iPhone Developer";
				COPY_PHASE_STRIP = NO;
				DEBUG_INFORMATION_FORMAT = "dwarf-with-dsym";
				ENABLE_NS_ASSERTIONS = NO;
				ENABLE_STRICT_OBJC_MSGSEND = YES;
				GCC_C_LANGUAGE_STANDARD = gnu99;
				GCC_NO_COMMON_BLOCKS = YES;
				GCC_WARN_64_TO_32_BIT_CONVERSION = YES;
				GCC_WARN_ABOUT_RETURN_TYPE = YES_ERROR;
				GCC_WARN_UNDECLARED_SELECTOR = YES;
				GCC_WARN_UNINITIALIZED_AUTOS = YES_AGGRESSIVE;
				GCC_WARN_UNUSED_FUNCTION = YES;
				GCC_WARN_UNUSED_VARIABLE = YES;
				IPHONEOS_DEPLOYMENT_TARGET = 9.1;
				MTL_ENABLE_DEBUG_INFO = NO;
				SDKROOT = iphoneos;
				TARGETED_DEVICE_FAMILY = "1,2";
				VALIDATE_PRODUCT = YES;
			};
			name = Release;
		};
		F4D860141BE614DA00433E30 /* Debug */ = {
			isa = XCBuildConfiguration;
			buildSettings = {
				ASSETCATALOG_COMPILER_APPICON_NAME = AppIcon;
				INFOPLIST_FILE = "BlocksKit-iOS/Info.plist";
				LD_RUNPATH_SEARCH_PATHS = "$(inherited) @executable_path/Frameworks";
				PRODUCT_BUNDLE_IDENTIFIER = "kari.jp.co.hirokiumatani.BlocksKit-iOS";
				PRODUCT_NAME = "$(TARGET_NAME)";
			};
			name = Debug;
		};
		F4D860151BE614DA00433E30 /* Release */ = {
			isa = XCBuildConfiguration;
			buildSettings = {
				ASSETCATALOG_COMPILER_APPICON_NAME = AppIcon;
				INFOPLIST_FILE = "BlocksKit-iOS/Info.plist";
				LD_RUNPATH_SEARCH_PATHS = "$(inherited) @executable_path/Frameworks";
				PRODUCT_BUNDLE_IDENTIFIER = "kari.jp.co.hirokiumatani.BlocksKit-iOS";
				PRODUCT_NAME = "$(TARGET_NAME)";
			};
			name = Release;
		};
		F4D860171BE614DA00433E30 /* Debug */ = {
			isa = XCBuildConfiguration;
			buildSettings = {
				BUNDLE_LOADER = "$(TEST_HOST)";
				INFOPLIST_FILE = "BlocksKit-iOSTests/Info.plist";
				LD_RUNPATH_SEARCH_PATHS = "$(inherited) @executable_path/Frameworks @loader_path/Frameworks";
				PRODUCT_BUNDLE_IDENTIFIER = "kari.jp.co.hirokiumatani.BlocksKit-iOSTests";
				PRODUCT_NAME = "$(TARGET_NAME)";
				TEST_HOST = "$(BUILT_PRODUCTS_DIR)/BlocksKit-iOS.app/BlocksKit-iOS";
			};
			name = Debug;
		};
		F4D860181BE614DA00433E30 /* Release */ = {
			isa = XCBuildConfiguration;
			buildSettings = {
				BUNDLE_LOADER = "$(TEST_HOST)";
				INFOPLIST_FILE = "BlocksKit-iOSTests/Info.plist";
				LD_RUNPATH_SEARCH_PATHS = "$(inherited) @executable_path/Frameworks @loader_path/Frameworks";
				PRODUCT_BUNDLE_IDENTIFIER = "kari.jp.co.hirokiumatani.BlocksKit-iOSTests";
				PRODUCT_NAME = "$(TARGET_NAME)";
				TEST_HOST = "$(BUILT_PRODUCTS_DIR)/BlocksKit-iOS.app/BlocksKit-iOS";
			};
			name = Release;
		};
		F4D8601A1BE614DA00433E30 /* Debug */ = {
			isa = XCBuildConfiguration;
			buildSettings = {
				INFOPLIST_FILE = "BlocksKit-iOSUITests/Info.plist";
				LD_RUNPATH_SEARCH_PATHS = "$(inherited) @executable_path/Frameworks @loader_path/Frameworks";
				PRODUCT_BUNDLE_IDENTIFIER = "kari.jp.co.hirokiumatani.BlocksKit-iOSUITests";
				PRODUCT_NAME = "$(TARGET_NAME)";
				TEST_TARGET_NAME = "BlocksKit-iOS";
				USES_XCTRUNNER = YES;
			};
			name = Debug;
		};
		F4D8601B1BE614DA00433E30 /* Release */ = {
			isa = XCBuildConfiguration;
			buildSettings = {
				INFOPLIST_FILE = "BlocksKit-iOSUITests/Info.plist";
				LD_RUNPATH_SEARCH_PATHS = "$(inherited) @executable_path/Frameworks @loader_path/Frameworks";
				PRODUCT_BUNDLE_IDENTIFIER = "kari.jp.co.hirokiumatani.BlocksKit-iOSUITests";
				PRODUCT_NAME = "$(TARGET_NAME)";
				TEST_TARGET_NAME = "BlocksKit-iOS";
				USES_XCTRUNNER = YES;
			};
			name = Release;
		};
/* End XCBuildConfiguration section */

/* Begin XCConfigurationList section */
		F4D85FE11BE614DA00433E30 /* Build configuration list for PBXProject "BlocksKit-iOS" */ = {
			isa = XCConfigurationList;
			buildConfigurations = (
				F4D860111BE614DA00433E30 /* Debug */,
				F4D860121BE614DA00433E30 /* Release */,
			);
			defaultConfigurationIsVisible = 0;
			defaultConfigurationName = Release;
		};
		F4D860131BE614DA00433E30 /* Build configuration list for PBXNativeTarget "BlocksKit-iOS" */ = {
			isa = XCConfigurationList;
			buildConfigurations = (
				F4D860141BE614DA00433E30 /* Debug */,
				F4D860151BE614DA00433E30 /* Release */,
			);
			defaultConfigurationIsVisible = 0;
		};
		F4D860161BE614DA00433E30 /* Build configuration list for PBXNativeTarget "BlocksKit-iOSTests" */ = {
			isa = XCConfigurationList;
			buildConfigurations = (
				F4D860171BE614DA00433E30 /* Debug */,
				F4D860181BE614DA00433E30 /* Release */,
			);
			defaultConfigurationIsVisible = 0;
		};
		F4D860191BE614DA00433E30 /* Build configuration list for PBXNativeTarget "BlocksKit-iOSUITests" */ = {
			isa = XCConfigurationList;
			buildConfigurations = (
				F4D8601A1BE614DA00433E30 /* Debug */,
				F4D8601B1BE614DA00433E30 /* Release */,
			);
			defaultConfigurationIsVisible = 0;
		};
/* End XCConfigurationList section */
	};
	rootObject = F4D85FDE1BE614DA00433E30 /* Project object */;
}
